
Microsoft Visual Studio Solution File, Format Version 12.00
# Visual Studio Version 17
VisualStudioVersion = 17.4.33122.133
MinimumVisualStudioVersion = 10.0.40219.1
Project("{FAE04EC0-301F-11D3-BF4B-00C04F79EFBC}") = "LibraryApp.WPF", "LibraryApp.WPF\LibraryApp.WPF.csproj", "{1FDB1A5A-84EA-47FF-AAAE-A6380163DFB3}"
EndProject
Global
	GlobalSection(SolutionConfigurationPlatforms) = preSolution
		Debug|Any CPU = Debug|Any CPU
		Release|Any CPU = Release|Any CPU
	EndGlobalSection
	GlobalSection(ProjectConfigurationPlatforms) = postSolution
		{1FDB1A5A-84EA-47FF-AAAE-A6380163DFB3}.Debug|Any CPU.ActiveCfg = Debug|Any CPU
		{1FDB1A5A-84EA-47FF-AAAE-A6380163DFB3}.Debug|Any CPU.Build.0 = Debug|Any CPU
		{1FDB1A5A-84EA-47FF-AAAE-A6380163DFB3}.Release|Any CPU.ActiveCfg = Release|Any CPU
		{1FDB1A5A-84EA-47FF-AAAE-A6380163DFB3}.Release|Any CPU.Build.0 = Release|Any CPU
	EndGlobalSection
	GlobalSection(SolutionProperties) = preSolution
		HideSolutionNode = FALSE
	EndGlobalSection
	GlobalSection(ExtensibilityGlobals) = postSolution
		SolutionGuid = {08B23014-202C-47D5-8426-F795457CDA01}
	EndGlobalSection
EndGlobal
